// !$*UTF8*$!
{
	archiveVersion = 1;
	classes = {
	};
	objectVersion = 56;
	objects = {

/* Begin PBXBuildFile section */
		920C18A12CB49E2700B73848 /* ActivityListView.swift in Sources */ = {isa = PBXBuildFile; fileRef = 920C18A02CB49E2700B73848 /* ActivityListView.swift */; };
		920C18A32CB49E4000B73848 /* AddActivityView.swift in Sources */ = {isa = PBXBuildFile; fileRef = 920C18A22CB49E4000B73848 /* AddActivityView.swift */; };
		920C18A52CB49E5900B73848 /* SetParametersView.swift in Sources */ = {isa = PBXBuildFile; fileRef = 920C18A42CB49E5900B73848 /* SetParametersView.swift */; };
		9232405A2CB8FEDF005F3E1C /* a2-s3841083-s3971510.docc in Sources */ = {isa = PBXBuildFile; fileRef = DD912F852CAA56970003B46B /* a2-s3841083-s3971510.docc */; };
		9232405B2CB90006005F3E1C /* WeatherWidget.swift in Sources */ = {isa = PBXBuildFile; fileRef = 92A2EBFD2CB8FCFF00F0B145 /* WeatherWidget.swift */; };
		9232405C2CB9001C005F3E1C /* WeatherManagerWidget.swift in Sources */ = {isa = PBXBuildFile; fileRef = 92A2EBFF2CB8FE3700F0B145 /* WeatherManagerWidget.swift */; };
		923240642CB90E1D005F3E1C /* a2_s3841083_s3971510Tests.swift in Sources */ = {isa = PBXBuildFile; fileRef = 923240632CB90E1D005F3E1C /* a2_s3841083_s3971510Tests.swift */; };
		924651BD2CA93861007D771B /* Activity.swift in Sources */ = {isa = PBXBuildFile; fileRef = 924651BC2CA93861007D771B /* Activity.swift */; };
		92A2EBE52CB8FBD600F0B145 /* WidgetKit.framework in Frameworks */ = {isa = PBXBuildFile; fileRef = 92A2EBE42CB8FBD600F0B145 /* WidgetKit.framework */; };
		92A2EBE72CB8FBD600F0B145 /* SwiftUI.framework in Frameworks */ = {isa = PBXBuildFile; fileRef = 92A2EBE62CB8FBD600F0B145 /* SwiftUI.framework */; };
		92A2EBF22CB8FBD800F0B145 /* Assets.xcassets in Resources */ = {isa = PBXBuildFile; fileRef = 92A2EBF12CB8FBD800F0B145 /* Assets.xcassets */; };
		92A2EBF62CB8FBD800F0B145 /* WeatherWidgetExtension.appex in Embed Foundation Extensions */ = {isa = PBXBuildFile; fileRef = 92A2EBE22CB8FBD600F0B145 /* WeatherWidgetExtension.appex */; settings = {ATTRIBUTES = (RemoveHeadersOnCopy, ); }; };
		DD2083542CB5A42500DFBF32 /* NewScheduledView.swift in Sources */ = {isa = PBXBuildFile; fileRef = DD2083532CB5A42500DFBF32 /* NewScheduledView.swift */; };
		DD2A165A2CAE2E0300F14386 /* ActivityPreviewer.swift in Sources */ = {isa = PBXBuildFile; fileRef = DD2A16592CAE2E0300F14386 /* ActivityPreviewer.swift */; };
		DD47833F2CA2B430002317AC /* WeatherManager.swift in Sources */ = {isa = PBXBuildFile; fileRef = DD47833E2CA2B430002317AC /* WeatherManager.swift */; };
		DD4783402CA3C770002317AC /* LocationManager.swift in Sources */ = {isa = PBXBuildFile; fileRef = DD47833D2CA12E88002317AC /* LocationManager.swift */; };
		DD4783422CA3E52E002317AC /* StartupView.swift in Sources */ = {isa = PBXBuildFile; fileRef = DD4783412CA3E52E002317AC /* StartupView.swift */; };
		DD6E29B32CB11CBD009B07D4 /* ConditionRecommendation.swift in Sources */ = {isa = PBXBuildFile; fileRef = DD6E29B22CB11CBD009B07D4 /* ConditionRecommendation.swift */; };
		DD6E29B52CB13ABC009B07D4 /* AddToScheduleView.swift in Sources */ = {isa = PBXBuildFile; fileRef = DD6E29B42CB13ABC009B07D4 /* AddToScheduleView.swift */; };
		DD737EAC2CA5355A00EADC4D /* ModelData.swift in Sources */ = {isa = PBXBuildFile; fileRef = DD737EAB2CA5355900EADC4D /* ModelData.swift */; };
		DD737EAE2CA5359200EADC4D /* weatherData.json in Resources */ = {isa = PBXBuildFile; fileRef = DD737EAD2CA5359200EADC4D /* weatherData.json */; };
		DD737EB12CA5383F00EADC4D /* Extensions.swift in Sources */ = {isa = PBXBuildFile; fileRef = DD737EB02CA5383F00EADC4D /* Extensions.swift */; };
		DD8CEA122CB9541700DB0DE8 /* ConditionRecommendationTests.swift in Sources */ = {isa = PBXBuildFile; fileRef = DD8CEA112CB9541700DB0DE8 /* ConditionRecommendationTests.swift */; };
		DD8CEA142CBA1A6B00DB0DE8 /* RetrieveWeatherTests.swift in Sources */ = {isa = PBXBuildFile; fileRef = DD8CEA132CBA1A6B00DB0DE8 /* RetrieveWeatherTests.swift */; };
		DD8CEA162CBA235100DB0DE8 /* WeatherUtilities.swift in Sources */ = {isa = PBXBuildFile; fileRef = DD8CEA152CBA235100DB0DE8 /* WeatherUtilities.swift */; };
		DD912F862CAA56970003B46B /* a2-s3841083-s3971510.docc in Sources */ = {isa = PBXBuildFile; fileRef = DD912F852CAA56970003B46B /* a2-s3841083-s3971510.docc */; };
		DDB82F652C9158E600CF8FBB /* HomeScreen.swift in Sources */ = {isa = PBXBuildFile; fileRef = DDB82F5A2C9158E600CF8FBB /* HomeScreen.swift */; };
		DDB82F682C9158E600CF8FBB /* ContentView.swift in Sources */ = {isa = PBXBuildFile; fileRef = DDB82F592C9158E600CF8FBB /* ContentView.swift */; };
		DDB82F6D2C9158E600CF8FBB /* SplashScreenView.swift in Sources */ = {isa = PBXBuildFile; fileRef = DDB82F5C2C9158E600CF8FBB /* SplashScreenView.swift */; };
		DDCB89732CB026B3004DDDE8 /* ActivitiesNow.swift in Sources */ = {isa = PBXBuildFile; fileRef = DDCB89722CB026B3004DDDE8 /* ActivitiesNow.swift */; };
		DDD0BECD2C914F2200B967A3 /* a2_s3841083_s3971510App.swift in Sources */ = {isa = PBXBuildFile; fileRef = DDD0BECC2C914F2200B967A3 /* a2_s3841083_s3971510App.swift */; };
		DDD0BED32C914F2800B967A3 /* Assets.xcassets in Resources */ = {isa = PBXBuildFile; fileRef = DDD0BED22C914F2800B967A3 /* Assets.xcassets */; };
		DDD0BED62C914F2800B967A3 /* Preview Assets.xcassets in Resources */ = {isa = PBXBuildFile; fileRef = DDD0BED52C914F2800B967A3 /* Preview Assets.xcassets */; };
		DDD1BE842CB8AF6B006384B5 /* ExpandableView.swift in Sources */ = {isa = PBXBuildFile; fileRef = DDD1BE832CB8AF6B006384B5 /* ExpandableView.swift */; };
		DDD1BE862CB8B0B3006384B5 /* ThumbnailView.swift in Sources */ = {isa = PBXBuildFile; fileRef = DDD1BE852CB8B0B3006384B5 /* ThumbnailView.swift */; };
		DDD1BE882CB8B0E4006384B5 /* ExpandedView.swift in Sources */ = {isa = PBXBuildFile; fileRef = DDD1BE872CB8B0E4006384B5 /* ExpandedView.swift */; };
		DDEC79752CB6897300CA614C /* ScheduleView.swift in Sources */ = {isa = PBXBuildFile; fileRef = DDEC79742CB6897300CA614C /* ScheduleView.swift */; };
		DDEC79772CB6A97000CA614C /* YelpManager.swift in Sources */ = {isa = PBXBuildFile; fileRef = DDEC79762CB6A97000CA614C /* YelpManager.swift */; };
		DDEC79792CB6ADF200CA614C /* DiscoveryView.swift in Sources */ = {isa = PBXBuildFile; fileRef = DDEC79782CB6ADF200CA614C /* DiscoveryView.swift */; };
		DDEC797F2CB767A900CA614C /* README.md in Resources */ = {isa = PBXBuildFile; fileRef = DDEC797E2CB767A900CA614C /* README.md */; };
/* End PBXBuildFile section */

/* Begin PBXContainerItemProxy section */
		923240652CB90E1D005F3E1C /* PBXContainerItemProxy */ = {
			isa = PBXContainerItemProxy;
			containerPortal = DDD0BEC12C914F2200B967A3 /* Project object */;
			proxyType = 1;
			remoteGlobalIDString = DDD0BEC82C914F2200B967A3;
			remoteInfo = "a2-s3841083-s3971510";
		};
		92A2EBF42CB8FBD800F0B145 /* PBXContainerItemProxy */ = {
			isa = PBXContainerItemProxy;
			containerPortal = DDD0BEC12C914F2200B967A3 /* Project object */;
			proxyType = 1;
			remoteGlobalIDString = 92A2EBE12CB8FBD600F0B145;
			remoteInfo = WeatherWidgetExtension;
		};
/* End PBXContainerItemProxy section */

/* Begin PBXCopyFilesBuildPhase section */
		92A2EBF72CB8FBD800F0B145 /* Embed Foundation Extensions */ = {
			isa = PBXCopyFilesBuildPhase;
			buildActionMask = 2147483647;
			dstPath = "";
			dstSubfolderSpec = 13;
			files = (
				92A2EBF62CB8FBD800F0B145 /* WeatherWidgetExtension.appex in Embed Foundation Extensions */,
			);
			name = "Embed Foundation Extensions";
			runOnlyForDeploymentPostprocessing = 0;
		};
/* End PBXCopyFilesBuildPhase section */

/* Begin PBXFileReference section */
		920C18A02CB49E2700B73848 /* ActivityListView.swift */ = {isa = PBXFileReference; lastKnownFileType = sourcecode.swift; path = ActivityListView.swift; sourceTree = "<group>"; };
		920C18A22CB49E4000B73848 /* AddActivityView.swift */ = {isa = PBXFileReference; lastKnownFileType = sourcecode.swift; path = AddActivityView.swift; sourceTree = "<group>"; };
		920C18A42CB49E5900B73848 /* SetParametersView.swift */ = {isa = PBXFileReference; lastKnownFileType = sourcecode.swift; path = SetParametersView.swift; sourceTree = "<group>"; };
		923240612CB90E1D005F3E1C /* a2-s3841083-s3971510Tests.xctest */ = {isa = PBXFileReference; explicitFileType = wrapper.cfbundle; includeInIndex = 0; path = "a2-s3841083-s3971510Tests.xctest"; sourceTree = BUILT_PRODUCTS_DIR; };
		923240632CB90E1D005F3E1C /* a2_s3841083_s3971510Tests.swift */ = {isa = PBXFileReference; lastKnownFileType = sourcecode.swift; path = a2_s3841083_s3971510Tests.swift; sourceTree = "<group>"; };
		924651BC2CA93861007D771B /* Activity.swift */ = {isa = PBXFileReference; lastKnownFileType = sourcecode.swift; path = Activity.swift; sourceTree = "<group>"; };
		92A2EBE22CB8FBD600F0B145 /* WeatherWidgetExtension.appex */ = {isa = PBXFileReference; explicitFileType = "wrapper.app-extension"; includeInIndex = 0; path = WeatherWidgetExtension.appex; sourceTree = BUILT_PRODUCTS_DIR; };
		92A2EBE42CB8FBD600F0B145 /* WidgetKit.framework */ = {isa = PBXFileReference; lastKnownFileType = wrapper.framework; name = WidgetKit.framework; path = System/Library/Frameworks/WidgetKit.framework; sourceTree = SDKROOT; };
		92A2EBE62CB8FBD600F0B145 /* SwiftUI.framework */ = {isa = PBXFileReference; lastKnownFileType = wrapper.framework; name = SwiftUI.framework; path = System/Library/Frameworks/SwiftUI.framework; sourceTree = SDKROOT; };
		92A2EBF12CB8FBD800F0B145 /* Assets.xcassets */ = {isa = PBXFileReference; lastKnownFileType = folder.assetcatalog; path = Assets.xcassets; sourceTree = "<group>"; };
		92A2EBF32CB8FBD800F0B145 /* Info.plist */ = {isa = PBXFileReference; lastKnownFileType = text.plist.xml; path = Info.plist; sourceTree = "<group>"; };
		92A2EBFD2CB8FCFF00F0B145 /* WeatherWidget.swift */ = {isa = PBXFileReference; lastKnownFileType = sourcecode.swift; path = WeatherWidget.swift; sourceTree = "<group>"; };
		92A2EBFF2CB8FE3700F0B145 /* WeatherManagerWidget.swift */ = {isa = PBXFileReference; lastKnownFileType = sourcecode.swift; path = WeatherManagerWidget.swift; sourceTree = "<group>"; };
		DD2083532CB5A42500DFBF32 /* NewScheduledView.swift */ = {isa = PBXFileReference; lastKnownFileType = sourcecode.swift; path = NewScheduledView.swift; sourceTree = "<group>"; };
		DD2A16592CAE2E0300F14386 /* ActivityPreviewer.swift */ = {isa = PBXFileReference; lastKnownFileType = sourcecode.swift; path = ActivityPreviewer.swift; sourceTree = "<group>"; };
		DD47833D2CA12E88002317AC /* LocationManager.swift */ = {isa = PBXFileReference; lastKnownFileType = sourcecode.swift; path = LocationManager.swift; sourceTree = "<group>"; };
		DD47833E2CA2B430002317AC /* WeatherManager.swift */ = {isa = PBXFileReference; lastKnownFileType = sourcecode.swift; path = WeatherManager.swift; sourceTree = "<group>"; };
		DD4783412CA3E52E002317AC /* StartupView.swift */ = {isa = PBXFileReference; lastKnownFileType = sourcecode.swift; path = StartupView.swift; sourceTree = "<group>"; };
		DD6E29B22CB11CBD009B07D4 /* ConditionRecommendation.swift */ = {isa = PBXFileReference; lastKnownFileType = sourcecode.swift; path = ConditionRecommendation.swift; sourceTree = "<group>"; };
		DD6E29B42CB13ABC009B07D4 /* AddToScheduleView.swift */ = {isa = PBXFileReference; lastKnownFileType = sourcecode.swift; path = AddToScheduleView.swift; sourceTree = "<group>"; };
		DD737EAB2CA5355900EADC4D /* ModelData.swift */ = {isa = PBXFileReference; lastKnownFileType = sourcecode.swift; path = ModelData.swift; sourceTree = "<group>"; };
		DD737EAD2CA5359200EADC4D /* weatherData.json */ = {isa = PBXFileReference; lastKnownFileType = text.json; path = weatherData.json; sourceTree = "<group>"; };
		DD737EB02CA5383F00EADC4D /* Extensions.swift */ = {isa = PBXFileReference; lastKnownFileType = sourcecode.swift; path = Extensions.swift; sourceTree = "<group>"; };
		DD8CEA112CB9541700DB0DE8 /* ConditionRecommendationTests.swift */ = {isa = PBXFileReference; lastKnownFileType = sourcecode.swift; path = ConditionRecommendationTests.swift; sourceTree = "<group>"; };
		DD8CEA132CBA1A6B00DB0DE8 /* RetrieveWeatherTests.swift */ = {isa = PBXFileReference; lastKnownFileType = sourcecode.swift; path = RetrieveWeatherTests.swift; sourceTree = "<group>"; };
		DD8CEA152CBA235100DB0DE8 /* WeatherUtilities.swift */ = {isa = PBXFileReference; lastKnownFileType = sourcecode.swift; path = WeatherUtilities.swift; sourceTree = "<group>"; };
		DD912F852CAA56970003B46B /* a2-s3841083-s3971510.docc */ = {isa = PBXFileReference; lastKnownFileType = folder.documentationcatalog; path = "a2-s3841083-s3971510.docc"; sourceTree = "<group>"; };
		DDB82F592C9158E600CF8FBB /* ContentView.swift */ = {isa = PBXFileReference; lastKnownFileType = sourcecode.swift; path = ContentView.swift; sourceTree = "<group>"; };
		DDB82F5A2C9158E600CF8FBB /* HomeScreen.swift */ = {isa = PBXFileReference; lastKnownFileType = sourcecode.swift; path = HomeScreen.swift; sourceTree = "<group>"; };
		DDB82F5C2C9158E600CF8FBB /* SplashScreenView.swift */ = {isa = PBXFileReference; lastKnownFileType = sourcecode.swift; path = SplashScreenView.swift; sourceTree = "<group>"; };
		DDBEE4122CBB938800B2D191 /* a2-s3841083-s3971510.xctestplan */ = {isa = PBXFileReference; lastKnownFileType = text; path = "a2-s3841083-s3971510.xctestplan"; sourceTree = "<group>"; };
		DDCB89722CB026B3004DDDE8 /* ActivitiesNow.swift */ = {isa = PBXFileReference; lastKnownFileType = sourcecode.swift; path = ActivitiesNow.swift; sourceTree = "<group>"; };
		DDD0BEC92C914F2200B967A3 /* a2-s3841083-s3971510.app */ = {isa = PBXFileReference; explicitFileType = wrapper.application; includeInIndex = 0; path = "a2-s3841083-s3971510.app"; sourceTree = BUILT_PRODUCTS_DIR; };
		DDD0BECC2C914F2200B967A3 /* a2_s3841083_s3971510App.swift */ = {isa = PBXFileReference; lastKnownFileType = sourcecode.swift; path = a2_s3841083_s3971510App.swift; sourceTree = "<group>"; };
		DDD0BED22C914F2800B967A3 /* Assets.xcassets */ = {isa = PBXFileReference; lastKnownFileType = folder.assetcatalog; path = Assets.xcassets; sourceTree = "<group>"; };
		DDD0BED52C914F2800B967A3 /* Preview Assets.xcassets */ = {isa = PBXFileReference; lastKnownFileType = folder.assetcatalog; path = "Preview Assets.xcassets"; sourceTree = "<group>"; };
		DDD1BE832CB8AF6B006384B5 /* ExpandableView.swift */ = {isa = PBXFileReference; lastKnownFileType = sourcecode.swift; path = ExpandableView.swift; sourceTree = "<group>"; };
		DDD1BE852CB8B0B3006384B5 /* ThumbnailView.swift */ = {isa = PBXFileReference; lastKnownFileType = sourcecode.swift; path = ThumbnailView.swift; sourceTree = "<group>"; };
		DDD1BE872CB8B0E4006384B5 /* ExpandedView.swift */ = {isa = PBXFileReference; lastKnownFileType = sourcecode.swift; path = ExpandedView.swift; sourceTree = "<group>"; };
		DDEC79742CB6897300CA614C /* ScheduleView.swift */ = {isa = PBXFileReference; lastKnownFileType = sourcecode.swift; path = ScheduleView.swift; sourceTree = "<group>"; };
		DDEC79762CB6A97000CA614C /* YelpManager.swift */ = {isa = PBXFileReference; lastKnownFileType = sourcecode.swift; path = YelpManager.swift; sourceTree = "<group>"; };
		DDEC79782CB6ADF200CA614C /* DiscoveryView.swift */ = {isa = PBXFileReference; lastKnownFileType = sourcecode.swift; path = DiscoveryView.swift; sourceTree = "<group>"; };
		DDEC797E2CB767A900CA614C /* README.md */ = {isa = PBXFileReference; lastKnownFileType = net.daringfireball.markdown; path = README.md; sourceTree = "<group>"; };
/* End PBXFileReference section */

/* Begin PBXFrameworksBuildPhase section */
		9232405E2CB90E1D005F3E1C /* Frameworks */ = {
			isa = PBXFrameworksBuildPhase;
			buildActionMask = 2147483647;
			files = (
			);
			runOnlyForDeploymentPostprocessing = 0;
		};
		92A2EBDF2CB8FBD600F0B145 /* Frameworks */ = {
			isa = PBXFrameworksBuildPhase;
			buildActionMask = 2147483647;
			files = (
				92A2EBE72CB8FBD600F0B145 /* SwiftUI.framework in Frameworks */,
				92A2EBE52CB8FBD600F0B145 /* WidgetKit.framework in Frameworks */,
			);
			runOnlyForDeploymentPostprocessing = 0;
		};
		DDD0BEC62C914F2200B967A3 /* Frameworks */ = {
			isa = PBXFrameworksBuildPhase;
			buildActionMask = 2147483647;
			files = (
			);
			runOnlyForDeploymentPostprocessing = 0;
		};
/* End PBXFrameworksBuildPhase section */

/* Begin PBXGroup section */
		923240622CB90E1D005F3E1C /* a2-s3841083-s3971510Tests */ = {
			isa = PBXGroup;
			children = (
				DD8CEA112CB9541700DB0DE8 /* ConditionRecommendationTests.swift */,
				DD8CEA132CBA1A6B00DB0DE8 /* RetrieveWeatherTests.swift */,
				923240632CB90E1D005F3E1C /* a2_s3841083_s3971510Tests.swift */,
			);
			path = "a2-s3841083-s3971510Tests";
			sourceTree = "<group>";
		};
		92A2EBE32CB8FBD600F0B145 /* Frameworks */ = {
			isa = PBXGroup;
			children = (
				92A2EBE42CB8FBD600F0B145 /* WidgetKit.framework */,
				92A2EBE62CB8FBD600F0B145 /* SwiftUI.framework */,
			);
			name = Frameworks;
			sourceTree = "<group>";
		};
		92A2EBE82CB8FBD600F0B145 /* WeatherWidget */ = {
			isa = PBXGroup;
			children = (
				92A2EBFF2CB8FE3700F0B145 /* WeatherManagerWidget.swift */,
				92A2EBFD2CB8FCFF00F0B145 /* WeatherWidget.swift */,
				92A2EBF12CB8FBD800F0B145 /* Assets.xcassets */,
				92A2EBF32CB8FBD800F0B145 /* Info.plist */,
			);
			path = WeatherWidget;
			sourceTree = "<group>";
		};
		DD47833A2CA06977002317AC /* Model */ = {
			isa = PBXGroup;
			children = (
				924651BC2CA93861007D771B /* Activity.swift */,
				DD2A16592CAE2E0300F14386 /* ActivityPreviewer.swift */,
			);
			path = Model;
			sourceTree = "<group>";
		};
		DD47833B2CA06980002317AC /* View */ = {
			isa = PBXGroup;
			children = (
				DDB82F732C915B3500CF8FBB /* Discovery */,
				DDB82F722C91599300CF8FBB /* Schedule */,
				DDB82F702C91596700CF8FBB /* Fragments */,
				DDB82F6F2C91593A00CF8FBB /* Activities */,
				DDB82F6E2C91590800CF8FBB /* Homepage */,
			);
			path = View;
			sourceTree = "<group>";
		};
		DD47833C2CA12E32002317AC /* Managers */ = {
			isa = PBXGroup;
			children = (
				DD47833E2CA2B430002317AC /* WeatherManager.swift */,
				DD47833D2CA12E88002317AC /* LocationManager.swift */,
				DDEC79762CB6A97000CA614C /* YelpManager.swift */,
			);
			path = Managers;
			sourceTree = "<group>";
		};
		DD737EAF2CA5382C00EADC4D /* Helpers */ = {
			isa = PBXGroup;
			children = (
				DD737EB02CA5383F00EADC4D /* Extensions.swift */,
				DD6E29B22CB11CBD009B07D4 /* ConditionRecommendation.swift */,
				DD8CEA152CBA235100DB0DE8 /* WeatherUtilities.swift */,
			);
			path = Helpers;
			sourceTree = "<group>";
		};
		DDB82F6E2C91590800CF8FBB /* Homepage */ = {
			isa = PBXGroup;
			children = (
				DDB82F592C9158E600CF8FBB /* ContentView.swift */,
				DDB82F5A2C9158E600CF8FBB /* HomeScreen.swift */,
				DDCB89722CB026B3004DDDE8 /* ActivitiesNow.swift */,
				DD6E29B42CB13ABC009B07D4 /* AddToScheduleView.swift */,
				DD2083532CB5A42500DFBF32 /* NewScheduledView.swift */,
			);
			path = Homepage;
			sourceTree = "<group>";
		};
		DDB82F6F2C91593A00CF8FBB /* Activities */ = {
			isa = PBXGroup;
			children = (
				920C18A02CB49E2700B73848 /* ActivityListView.swift */,
				920C18A22CB49E4000B73848 /* AddActivityView.swift */,
				920C18A42CB49E5900B73848 /* SetParametersView.swift */,
			);
			path = Activities;
			sourceTree = "<group>";
		};
		DDB82F702C91596700CF8FBB /* Fragments */ = {
			isa = PBXGroup;
			children = (
				DDB82F5C2C9158E600CF8FBB /* SplashScreenView.swift */,
				DD4783412CA3E52E002317AC /* StartupView.swift */,
				DDD1BE832CB8AF6B006384B5 /* ExpandableView.swift */,
				DDD1BE852CB8B0B3006384B5 /* ThumbnailView.swift */,
				DDD1BE872CB8B0E4006384B5 /* ExpandedView.swift */,
			);
			path = Fragments;
			sourceTree = "<group>";
		};
		DDB82F722C91599300CF8FBB /* Schedule */ = {
			isa = PBXGroup;
			children = (
				DDEC79742CB6897300CA614C /* ScheduleView.swift */,
			);
			path = Schedule;
			sourceTree = "<group>";
		};
		DDB82F732C915B3500CF8FBB /* Discovery */ = {
			isa = PBXGroup;
			children = (
				DDEC79782CB6ADF200CA614C /* DiscoveryView.swift */,
			);
			path = Discovery;
			sourceTree = "<group>";
		};
		DDD0BEC02C914F2200B967A3 = {
			isa = PBXGroup;
			children = (
				DDBEE4122CBB938800B2D191 /* a2-s3841083-s3971510.xctestplan */,
				DDEC797E2CB767A900CA614C /* README.md */,
				DD912F852CAA56970003B46B /* a2-s3841083-s3971510.docc */,
				DDD0BECB2C914F2200B967A3 /* a2-s3841083-s3971510 */,
				92A2EBE82CB8FBD600F0B145 /* WeatherWidget */,
				923240622CB90E1D005F3E1C /* a2-s3841083-s3971510Tests */,
				92A2EBE32CB8FBD600F0B145 /* Frameworks */,
				DDD0BECA2C914F2200B967A3 /* Products */,
			);
			sourceTree = "<group>";
		};
		DDD0BECA2C914F2200B967A3 /* Products */ = {
			isa = PBXGroup;
			children = (
				DDD0BEC92C914F2200B967A3 /* a2-s3841083-s3971510.app */,
				92A2EBE22CB8FBD600F0B145 /* WeatherWidgetExtension.appex */,
				923240612CB90E1D005F3E1C /* a2-s3841083-s3971510Tests.xctest */,
			);
			name = Products;
			sourceTree = "<group>";
		};
		DDD0BECB2C914F2200B967A3 /* a2-s3841083-s3971510 */ = {
			isa = PBXGroup;
			children = (
				DD737EAF2CA5382C00EADC4D /* Helpers */,
				DD47833C2CA12E32002317AC /* Managers */,
				DD47833B2CA06980002317AC /* View */,
				DD47833A2CA06977002317AC /* Model */,
				DDD0BECC2C914F2200B967A3 /* a2_s3841083_s3971510App.swift */,
				DDD0BED22C914F2800B967A3 /* Assets.xcassets */,
				DDD0BED42C914F2800B967A3 /* Preview Content */,
			);
			path = "a2-s3841083-s3971510";
			sourceTree = "<group>";
		};
		DDD0BED42C914F2800B967A3 /* Preview Content */ = {
			isa = PBXGroup;
			children = (
				DDD0BED52C914F2800B967A3 /* Preview Assets.xcassets */,
				DD737EAB2CA5355900EADC4D /* ModelData.swift */,
				DD737EAD2CA5359200EADC4D /* weatherData.json */,
			);
			path = "Preview Content";
			sourceTree = "<group>";
		};
/* End PBXGroup section */

/* Begin PBXNativeTarget section */
		923240602CB90E1D005F3E1C /* a2-s3841083-s3971510Tests */ = {
			isa = PBXNativeTarget;
			buildConfigurationList = 923240672CB90E1D005F3E1C /* Build configuration list for PBXNativeTarget "a2-s3841083-s3971510Tests" */;
			buildPhases = (
				9232405D2CB90E1D005F3E1C /* Sources */,
				9232405E2CB90E1D005F3E1C /* Frameworks */,
				9232405F2CB90E1D005F3E1C /* Resources */,
			);
			buildRules = (
			);
			dependencies = (
				923240662CB90E1D005F3E1C /* PBXTargetDependency */,
			);
			name = "a2-s3841083-s3971510Tests";
			productName = "a2-s3841083-s3971510Tests";
			productReference = 923240612CB90E1D005F3E1C /* a2-s3841083-s3971510Tests.xctest */;
			productType = "com.apple.product-type.bundle.unit-test";
		};
		92A2EBE12CB8FBD600F0B145 /* WeatherWidgetExtension */ = {
			isa = PBXNativeTarget;
			buildConfigurationList = 92A2EBFA2CB8FBD800F0B145 /* Build configuration list for PBXNativeTarget "WeatherWidgetExtension" */;
			buildPhases = (
				92A2EBDE2CB8FBD600F0B145 /* Sources */,
				92A2EBDF2CB8FBD600F0B145 /* Frameworks */,
				92A2EBE02CB8FBD600F0B145 /* Resources */,
			);
			buildRules = (
			);
			dependencies = (
			);
			name = WeatherWidgetExtension;
			productName = WeatherWidgetExtension;
			productReference = 92A2EBE22CB8FBD600F0B145 /* WeatherWidgetExtension.appex */;
			productType = "com.apple.product-type.app-extension";
		};
		DDD0BEC82C914F2200B967A3 /* a2-s3841083-s3971510 */ = {
			isa = PBXNativeTarget;
			buildConfigurationList = DDD0BED92C914F2800B967A3 /* Build configuration list for PBXNativeTarget "a2-s3841083-s3971510" */;
			buildPhases = (
				DDD0BEC52C914F2200B967A3 /* Sources */,
				DDD0BEC62C914F2200B967A3 /* Frameworks */,
				DDD0BEC72C914F2200B967A3 /* Resources */,
				92A2EBF72CB8FBD800F0B145 /* Embed Foundation Extensions */,
			);
			buildRules = (
			);
			dependencies = (
				92A2EBF52CB8FBD800F0B145 /* PBXTargetDependency */,
			);
			name = "a2-s3841083-s3971510";
			productName = "a2-s3841083-s3971510";
			productReference = DDD0BEC92C914F2200B967A3 /* a2-s3841083-s3971510.app */;
			productType = "com.apple.product-type.application";
		};
/* End PBXNativeTarget section */

/* Begin PBXProject section */
		DDD0BEC12C914F2200B967A3 /* Project object */ = {
			isa = PBXProject;
			attributes = {
				BuildIndependentTargetsInParallel = 1;
				LastSwiftUpdateCheck = 1540;
				LastUpgradeCheck = 1540;
				TargetAttributes = {
					923240602CB90E1D005F3E1C = {
						CreatedOnToolsVersion = 15.4;
						TestTargetID = DDD0BEC82C914F2200B967A3;
					};
					92A2EBE12CB8FBD600F0B145 = {
						CreatedOnToolsVersion = 15.4;
					};
					DDD0BEC82C914F2200B967A3 = {
						CreatedOnToolsVersion = 15.4;
					};
				};
			};
			buildConfigurationList = DDD0BEC42C914F2200B967A3 /* Build configuration list for PBXProject "a2-s3841083-s3971510" */;
			compatibilityVersion = "Xcode 14.0";
			developmentRegion = en;
			hasScannedForEncodings = 0;
			knownRegions = (
				en,
				Base,
			);
			mainGroup = DDD0BEC02C914F2200B967A3;
			productRefGroup = DDD0BECA2C914F2200B967A3 /* Products */;
			projectDirPath = "";
			projectRoot = "";
			targets = (
				DDD0BEC82C914F2200B967A3 /* a2-s3841083-s3971510 */,
				92A2EBE12CB8FBD600F0B145 /* WeatherWidgetExtension */,
				923240602CB90E1D005F3E1C /* a2-s3841083-s3971510Tests */,
			);
		};
/* End PBXProject section */

/* Begin PBXResourcesBuildPhase section */
		9232405F2CB90E1D005F3E1C /* Resources */ = {
			isa = PBXResourcesBuildPhase;
			buildActionMask = 2147483647;
			files = (
			);
			runOnlyForDeploymentPostprocessing = 0;
		};
		92A2EBE02CB8FBD600F0B145 /* Resources */ = {
			isa = PBXResourcesBuildPhase;
			buildActionMask = 2147483647;
			files = (
				92A2EBF22CB8FBD800F0B145 /* Assets.xcassets in Resources */,
			);
			runOnlyForDeploymentPostprocessing = 0;
		};
		DDD0BEC72C914F2200B967A3 /* Resources */ = {
			isa = PBXResourcesBuildPhase;
			buildActionMask = 2147483647;
			files = (
				DDD0BED62C914F2800B967A3 /* Preview Assets.xcassets in Resources */,
				DD737EAE2CA5359200EADC4D /* weatherData.json in Resources */,
				DDEC797F2CB767A900CA614C /* README.md in Resources */,
				DDD0BED32C914F2800B967A3 /* Assets.xcassets in Resources */,
			);
			runOnlyForDeploymentPostprocessing = 0;
		};
/* End PBXResourcesBuildPhase section */

/* Begin PBXSourcesBuildPhase section */
		9232405D2CB90E1D005F3E1C /* Sources */ = {
			isa = PBXSourcesBuildPhase;
			buildActionMask = 2147483647;
			files = (
				DD8CEA122CB9541700DB0DE8 /* ConditionRecommendationTests.swift in Sources */,
				923240642CB90E1D005F3E1C /* a2_s3841083_s3971510Tests.swift in Sources */,
				DD8CEA142CBA1A6B00DB0DE8 /* RetrieveWeatherTests.swift in Sources */,
			);
			runOnlyForDeploymentPostprocessing = 0;
		};
		92A2EBDE2CB8FBD600F0B145 /* Sources */ = {
			isa = PBXSourcesBuildPhase;
			buildActionMask = 2147483647;
			files = (
				9232405C2CB9001C005F3E1C /* WeatherManagerWidget.swift in Sources */,
				9232405B2CB90006005F3E1C /* WeatherWidget.swift in Sources */,
				9232405A2CB8FEDF005F3E1C /* a2-s3841083-s3971510.docc in Sources */,
			);
			runOnlyForDeploymentPostprocessing = 0;
		};
		DDD0BEC52C914F2200B967A3 /* Sources */ = {
			isa = PBXSourcesBuildPhase;
			buildActionMask = 2147483647;
			files = (
				DD912F862CAA56970003B46B /* a2-s3841083-s3971510.docc in Sources */,
				DDCB89732CB026B3004DDDE8 /* ActivitiesNow.swift in Sources */,
				DD4783402CA3C770002317AC /* LocationManager.swift in Sources */,
				DD2A165A2CAE2E0300F14386 /* ActivityPreviewer.swift in Sources */,
				DD737EAC2CA5355A00EADC4D /* ModelData.swift in Sources */,
				DDB82F6D2C9158E600CF8FBB /* SplashScreenView.swift in Sources */,
				DDB82F682C9158E600CF8FBB /* ContentView.swift in Sources */,
				DDD1BE862CB8B0B3006384B5 /* ThumbnailView.swift in Sources */,
				DDB82F652C9158E600CF8FBB /* HomeScreen.swift in Sources */,
				920C18A12CB49E2700B73848 /* ActivityListView.swift in Sources */,
				920C18A52CB49E5900B73848 /* SetParametersView.swift in Sources */,
				DD6E29B52CB13ABC009B07D4 /* AddToScheduleView.swift in Sources */,
				920C18A32CB49E4000B73848 /* AddActivityView.swift in Sources */,
				DD4783422CA3E52E002317AC /* StartupView.swift in Sources */,
				DDEC79752CB6897300CA614C /* ScheduleView.swift in Sources */,
				DD47833F2CA2B430002317AC /* WeatherManager.swift in Sources */,
				DD2083542CB5A42500DFBF32 /* NewScheduledView.swift in Sources */,
				DDEC79772CB6A97000CA614C /* YelpManager.swift in Sources */,
				DD8CEA162CBA235100DB0DE8 /* WeatherUtilities.swift in Sources */,
				DD737EB12CA5383F00EADC4D /* Extensions.swift in Sources */,
				DD6E29B32CB11CBD009B07D4 /* ConditionRecommendation.swift in Sources */,
				DDD1BE882CB8B0E4006384B5 /* ExpandedView.swift in Sources */,
				DDEC79792CB6ADF200CA614C /* DiscoveryView.swift in Sources */,
				DDD0BECD2C914F2200B967A3 /* a2_s3841083_s3971510App.swift in Sources */,
				924651BD2CA93861007D771B /* Activity.swift in Sources */,
				DDD1BE842CB8AF6B006384B5 /* ExpandableView.swift in Sources */,
			);
			runOnlyForDeploymentPostprocessing = 0;
		};
/* End PBXSourcesBuildPhase section */

/* Begin PBXTargetDependency section */
		923240662CB90E1D005F3E1C /* PBXTargetDependency */ = {
			isa = PBXTargetDependency;
			target = DDD0BEC82C914F2200B967A3 /* a2-s3841083-s3971510 */;
			targetProxy = 923240652CB90E1D005F3E1C /* PBXContainerItemProxy */;
		};
		92A2EBF52CB8FBD800F0B145 /* PBXTargetDependency */ = {
			isa = PBXTargetDependency;
			target = 92A2EBE12CB8FBD600F0B145 /* WeatherWidgetExtension */;
			targetProxy = 92A2EBF42CB8FBD800F0B145 /* PBXContainerItemProxy */;
		};
/* End PBXTargetDependency section */

/* Begin XCBuildConfiguration section */
		923240682CB90E1D005F3E1C /* Debug */ = {
			isa = XCBuildConfiguration;
			buildSettings = {
				BUNDLE_LOADER = "$(TEST_HOST)";
				CODE_SIGN_STYLE = Automatic;
				CURRENT_PROJECT_VERSION = 1;
				GENERATE_INFOPLIST_FILE = YES;
				MARKETING_VERSION = 1.0;
				PRODUCT_BUNDLE_IDENTIFIER = "AnthonyFrancis.a2-s3841083-s3971510Tests";
				PRODUCT_NAME = "$(TARGET_NAME)";
				SWIFT_EMIT_LOC_STRINGS = NO;
				SWIFT_VERSION = 5.0;
				TARGETED_DEVICE_FAMILY = "1,2";
				TEST_HOST = "$(BUILT_PRODUCTS_DIR)/a2-s3841083-s3971510.app/$(BUNDLE_EXECUTABLE_FOLDER_PATH)/a2-s3841083-s3971510";
			};
			name = Debug;
		};
		923240692CB90E1D005F3E1C /* Release */ = {
			isa = XCBuildConfiguration;
			buildSettings = {
				BUNDLE_LOADER = "$(TEST_HOST)";
				CODE_SIGN_STYLE = Automatic;
				CURRENT_PROJECT_VERSION = 1;
				GENERATE_INFOPLIST_FILE = YES;
				MARKETING_VERSION = 1.0;
				PRODUCT_BUNDLE_IDENTIFIER = "AnthonyFrancis.a2-s3841083-s3971510Tests";
				PRODUCT_NAME = "$(TARGET_NAME)";
				SWIFT_EMIT_LOC_STRINGS = NO;
				SWIFT_VERSION = 5.0;
				TARGETED_DEVICE_FAMILY = "1,2";
				TEST_HOST = "$(BUILT_PRODUCTS_DIR)/a2-s3841083-s3971510.app/$(BUNDLE_EXECUTABLE_FOLDER_PATH)/a2-s3841083-s3971510";
			};
			name = Release;
		};
		92A2EBF82CB8FBD800F0B145 /* Debug */ = {
			isa = XCBuildConfiguration;
			buildSettings = {
				ASSETCATALOG_COMPILER_GLOBAL_ACCENT_COLOR_NAME = AccentColor;
				ASSETCATALOG_COMPILER_WIDGET_BACKGROUND_COLOR_NAME = WidgetBackground;
				CODE_SIGN_STYLE = Automatic;
				CURRENT_PROJECT_VERSION = 1;
				GENERATE_INFOPLIST_FILE = YES;
				INFOPLIST_FILE = WeatherWidget/Info.plist;
				INFOPLIST_KEY_CFBundleDisplayName = WeatherWidget;
				INFOPLIST_KEY_NSHumanReadableCopyright = "";
				LD_RUNPATH_SEARCH_PATHS = (
					"$(inherited)",
					"@executable_path/Frameworks",
					"@executable_path/../../Frameworks",
				);
				MARKETING_VERSION = 1.0;
				PRODUCT_BUNDLE_IDENTIFIER = "au.edu.student-s3971510.a2-s3841083-s3971510.WeatherWidget";
				PRODUCT_NAME = "$(TARGET_NAME)";
				SKIP_INSTALL = YES;
				SWIFT_EMIT_LOC_STRINGS = YES;
				SWIFT_VERSION = 5.0;
				TARGETED_DEVICE_FAMILY = "1,2";
			};
			name = Debug;
		};
		92A2EBF92CB8FBD800F0B145 /* Release */ = {
			isa = XCBuildConfiguration;
			buildSettings = {
				ASSETCATALOG_COMPILER_GLOBAL_ACCENT_COLOR_NAME = AccentColor;
				ASSETCATALOG_COMPILER_WIDGET_BACKGROUND_COLOR_NAME = WidgetBackground;
				CODE_SIGN_STYLE = Automatic;
				CURRENT_PROJECT_VERSION = 1;
				GENERATE_INFOPLIST_FILE = YES;
				INFOPLIST_FILE = WeatherWidget/Info.plist;
				INFOPLIST_KEY_CFBundleDisplayName = WeatherWidget;
				INFOPLIST_KEY_NSHumanReadableCopyright = "";
				LD_RUNPATH_SEARCH_PATHS = (
					"$(inherited)",
					"@executable_path/Frameworks",
					"@executable_path/../../Frameworks",
				);
				MARKETING_VERSION = 1.0;
				PRODUCT_BUNDLE_IDENTIFIER = "au.edu.student-s3971510.a2-s3841083-s3971510.WeatherWidget";
				PRODUCT_NAME = "$(TARGET_NAME)";
				SKIP_INSTALL = YES;
				SWIFT_EMIT_LOC_STRINGS = YES;
				SWIFT_VERSION = 5.0;
				TARGETED_DEVICE_FAMILY = "1,2";
			};
			name = Release;
		};
		DDD0BED72C914F2800B967A3 /* Debug */ = {
			isa = XCBuildConfiguration;
			buildSettings = {
				ALWAYS_SEARCH_USER_PATHS = NO;
				ASSETCATALOG_COMPILER_GENERATE_SWIFT_ASSET_SYMBOL_EXTENSIONS = YES;
				CLANG_ANALYZER_NONNULL = YES;
				CLANG_ANALYZER_NUMBER_OBJECT_CONVERSION = YES_AGGRESSIVE;
				CLANG_CXX_LANGUAGE_STANDARD = "gnu++20";
				CLANG_ENABLE_MODULES = YES;
				CLANG_ENABLE_OBJC_ARC = YES;
				CLANG_ENABLE_OBJC_WEAK = YES;
				CLANG_WARN_BLOCK_CAPTURE_AUTORELEASING = YES;
				CLANG_WARN_BOOL_CONVERSION = YES;
				CLANG_WARN_COMMA = YES;
				CLANG_WARN_CONSTANT_CONVERSION = YES;
				CLANG_WARN_DEPRECATED_OBJC_IMPLEMENTATIONS = YES;
				CLANG_WARN_DIRECT_OBJC_ISA_USAGE = YES_ERROR;
				CLANG_WARN_DOCUMENTATION_COMMENTS = YES;
				CLANG_WARN_EMPTY_BODY = YES;
				CLANG_WARN_ENUM_CONVERSION = YES;
				CLANG_WARN_INFINITE_RECURSION = YES;
				CLANG_WARN_INT_CONVERSION = YES;
				CLANG_WARN_NON_LITERAL_NULL_CONVERSION = YES;
				CLANG_WARN_OBJC_IMPLICIT_RETAIN_SELF = YES;
				CLANG_WARN_OBJC_LITERAL_CONVERSION = YES;
				CLANG_WARN_OBJC_ROOT_CLASS = YES_ERROR;
				CLANG_WARN_QUOTED_INCLUDE_IN_FRAMEWORK_HEADER = YES;
				CLANG_WARN_RANGE_LOOP_ANALYSIS = YES;
				CLANG_WARN_STRICT_PROTOTYPES = YES;
				CLANG_WARN_SUSPICIOUS_MOVE = YES;
				CLANG_WARN_UNGUARDED_AVAILABILITY = YES_AGGRESSIVE;
				CLANG_WARN_UNREACHABLE_CODE = YES;
				CLANG_WARN__DUPLICATE_METHOD_MATCH = YES;
				COPY_PHASE_STRIP = NO;
				DEBUG_INFORMATION_FORMAT = dwarf;
				ENABLE_STRICT_OBJC_MSGSEND = YES;
				ENABLE_TESTABILITY = YES;
				ENABLE_USER_SCRIPT_SANDBOXING = YES;
				GCC_C_LANGUAGE_STANDARD = gnu17;
				GCC_DYNAMIC_NO_PIC = NO;
				GCC_NO_COMMON_BLOCKS = YES;
				GCC_OPTIMIZATION_LEVEL = 0;
				GCC_PREPROCESSOR_DEFINITIONS = (
					"DEBUG=1",
					"$(inherited)",
				);
				GCC_WARN_64_TO_32_BIT_CONVERSION = YES;
				GCC_WARN_ABOUT_RETURN_TYPE = YES_ERROR;
				GCC_WARN_UNDECLARED_SELECTOR = YES;
				GCC_WARN_UNINITIALIZED_AUTOS = YES_AGGRESSIVE;
				GCC_WARN_UNUSED_FUNCTION = YES;
				GCC_WARN_UNUSED_VARIABLE = YES;
				IPHONEOS_DEPLOYMENT_TARGET = 17.5;
				LOCALIZATION_PREFERS_STRING_CATALOGS = YES;
				MTL_ENABLE_DEBUG_INFO = INCLUDE_SOURCE;
				MTL_FAST_MATH = YES;
				ONLY_ACTIVE_ARCH = YES;
				SDKROOT = iphoneos;
				SWIFT_ACTIVE_COMPILATION_CONDITIONS = "DEBUG $(inherited)";
				SWIFT_OPTIMIZATION_LEVEL = "-Onone";
			};
			name = Debug;
		};
		DDD0BED82C914F2800B967A3 /* Release */ = {
			isa = XCBuildConfiguration;
			buildSettings = {
				ALWAYS_SEARCH_USER_PATHS = NO;
				ASSETCATALOG_COMPILER_GENERATE_SWIFT_ASSET_SYMBOL_EXTENSIONS = YES;
				CLANG_ANALYZER_NONNULL = YES;
				CLANG_ANALYZER_NUMBER_OBJECT_CONVERSION = YES_AGGRESSIVE;
				CLANG_CXX_LANGUAGE_STANDARD = "gnu++20";
				CLANG_ENABLE_MODULES = YES;
				CLANG_ENABLE_OBJC_ARC = YES;
				CLANG_ENABLE_OBJC_WEAK = YES;
				CLANG_WARN_BLOCK_CAPTURE_AUTORELEASING = YES;
				CLANG_WARN_BOOL_CONVERSION = YES;
				CLANG_WARN_COMMA = YES;
				CLANG_WARN_CONSTANT_CONVERSION = YES;
				CLANG_WARN_DEPRECATED_OBJC_IMPLEMENTATIONS = YES;
				CLANG_WARN_DIRECT_OBJC_ISA_USAGE = YES_ERROR;
				CLANG_WARN_DOCUMENTATION_COMMENTS = YES;
				CLANG_WARN_EMPTY_BODY = YES;
				CLANG_WARN_ENUM_CONVERSION = YES;
				CLANG_WARN_INFINITE_RECURSION = YES;
				CLANG_WARN_INT_CONVERSION = YES;
				CLANG_WARN_NON_LITERAL_NULL_CONVERSION = YES;
				CLANG_WARN_OBJC_IMPLICIT_RETAIN_SELF = YES;
				CLANG_WARN_OBJC_LITERAL_CONVERSION = YES;
				CLANG_WARN_OBJC_ROOT_CLASS = YES_ERROR;
				CLANG_WARN_QUOTED_INCLUDE_IN_FRAMEWORK_HEADER = YES;
				CLANG_WARN_RANGE_LOOP_ANALYSIS = YES;
				CLANG_WARN_STRICT_PROTOTYPES = YES;
				CLANG_WARN_SUSPICIOUS_MOVE = YES;
				CLANG_WARN_UNGUARDED_AVAILABILITY = YES_AGGRESSIVE;
				CLANG_WARN_UNREACHABLE_CODE = YES;
				CLANG_WARN__DUPLICATE_METHOD_MATCH = YES;
				COPY_PHASE_STRIP = NO;
				DEBUG_INFORMATION_FORMAT = "dwarf-with-dsym";
				ENABLE_NS_ASSERTIONS = NO;
				ENABLE_STRICT_OBJC_MSGSEND = YES;
				ENABLE_USER_SCRIPT_SANDBOXING = YES;
				GCC_C_LANGUAGE_STANDARD = gnu17;
				GCC_NO_COMMON_BLOCKS = YES;
				GCC_WARN_64_TO_32_BIT_CONVERSION = YES;
				GCC_WARN_ABOUT_RETURN_TYPE = YES_ERROR;
				GCC_WARN_UNDECLARED_SELECTOR = YES;
				GCC_WARN_UNINITIALIZED_AUTOS = YES_AGGRESSIVE;
				GCC_WARN_UNUSED_FUNCTION = YES;
				GCC_WARN_UNUSED_VARIABLE = YES;
				IPHONEOS_DEPLOYMENT_TARGET = 17.5;
				LOCALIZATION_PREFERS_STRING_CATALOGS = YES;
				MTL_ENABLE_DEBUG_INFO = NO;
				MTL_FAST_MATH = YES;
				SDKROOT = iphoneos;
				SWIFT_COMPILATION_MODE = wholemodule;
				VALIDATE_PRODUCT = YES;
			};
			name = Release;
		};
		DDD0BEDA2C914F2800B967A3 /* Debug */ = {
			isa = XCBuildConfiguration;
			buildSettings = {
				ALWAYS_EMBED_SWIFT_STANDARD_LIBRARIES = YES;
				ASSETCATALOG_COMPILER_APPICON_NAME = AppIcon;
				ASSETCATALOG_COMPILER_GLOBAL_ACCENT_COLOR_NAME = AccentColor;
				CODE_SIGN_STYLE = Automatic;
				CURRENT_PROJECT_VERSION = 1;
				DEVELOPMENT_ASSET_PATHS = "\"a2-s3841083-s3971510/Preview Content\"";
				ENABLE_PREVIEWS = YES;
				GENERATE_INFOPLIST_FILE = YES;
				INFOPLIST_KEY_NSLocationAlwaysAndWhenInUseUsageDescription = "";
				INFOPLIST_KEY_UIApplicationSceneManifest_Generation = YES;
				INFOPLIST_KEY_UIApplicationSupportsIndirectInputEvents = YES;
				INFOPLIST_KEY_UILaunchScreen_Generation = YES;
				INFOPLIST_KEY_UISupportedInterfaceOrientations_iPad = "UIInterfaceOrientationPortrait UIInterfaceOrientationPortraitUpsideDown UIInterfaceOrientationLandscapeLeft UIInterfaceOrientationLandscapeRight";
				INFOPLIST_KEY_UISupportedInterfaceOrientations_iPhone = "UIInterfaceOrientationPortrait UIInterfaceOrientationLandscapeLeft UIInterfaceOrientationLandscapeRight";
				LD_RUNPATH_SEARCH_PATHS = (
					"$(inherited)",
					"@executable_path/Frameworks",
				);
				MARKETING_VERSION = 1.0;
				PRODUCT_BUNDLE_IDENTIFIER = "au.edu.student-s3971510.a2-s3841083-s3971510";
				PRODUCT_NAME = "$(TARGET_NAME)";
				SWIFT_EMIT_LOC_STRINGS = YES;
				SWIFT_VERSION = 5.0;
				TARGETED_DEVICE_FAMILY = "1,2";
			};
			name = Debug;
		};
		DDD0BEDB2C914F2800B967A3 /* Release */ = {
			isa = XCBuildConfiguration;
			buildSettings = {
				ALWAYS_EMBED_SWIFT_STANDARD_LIBRARIES = YES;
				ASSETCATALOG_COMPILER_APPICON_NAME = AppIcon;
				ASSETCATALOG_COMPILER_GLOBAL_ACCENT_COLOR_NAME = AccentColor;
				CODE_SIGN_STYLE = Automatic;
				CURRENT_PROJECT_VERSION = 1;
				DEVELOPMENT_ASSET_PATHS = "\"a2-s3841083-s3971510/Preview Content\"";
				ENABLE_PREVIEWS = YES;
				GENERATE_INFOPLIST_FILE = YES;
				INFOPLIST_KEY_NSLocationAlwaysAndWhenInUseUsageDescription = "";
				INFOPLIST_KEY_UIApplicationSceneManifest_Generation = YES;
				INFOPLIST_KEY_UIApplicationSupportsIndirectInputEvents = YES;
				INFOPLIST_KEY_UILaunchScreen_Generation = YES;
				INFOPLIST_KEY_UISupportedInterfaceOrientations_iPad = "UIInterfaceOrientationPortrait UIInterfaceOrientationPortraitUpsideDown UIInterfaceOrientationLandscapeLeft UIInterfaceOrientationLandscapeRight";
				INFOPLIST_KEY_UISupportedInterfaceOrientations_iPhone = "UIInterfaceOrientationPortrait UIInterfaceOrientationLandscapeLeft UIInterfaceOrientationLandscapeRight";
				LD_RUNPATH_SEARCH_PATHS = (
					"$(inherited)",
					"@executable_path/Frameworks",
				);
				MARKETING_VERSION = 1.0;
				PRODUCT_BUNDLE_IDENTIFIER = "au.edu.student-s3971510.a2-s3841083-s3971510";
				PRODUCT_NAME = "$(TARGET_NAME)";
				SWIFT_EMIT_LOC_STRINGS = YES;
				SWIFT_VERSION = 5.0;
				TARGETED_DEVICE_FAMILY = "1,2";
			};
			name = Release;
		};
/* End XCBuildConfiguration section */

/* Begin XCConfigurationList section */
		923240672CB90E1D005F3E1C /* Build configuration list for PBXNativeTarget "a2-s3841083-s3971510Tests" */ = {
			isa = XCConfigurationList;
			buildConfigurations = (
				923240682CB90E1D005F3E1C /* Debug */,
				923240692CB90E1D005F3E1C /* Release */,
			);
			defaultConfigurationIsVisible = 0;
			defaultConfigurationName = Release;
		};
		92A2EBFA2CB8FBD800F0B145 /* Build configuration list for PBXNativeTarget "WeatherWidgetExtension" */ = {
			isa = XCConfigurationList;
			buildConfigurations = (
				92A2EBF82CB8FBD800F0B145 /* Debug */,
				92A2EBF92CB8FBD800F0B145 /* Release */,
			);
			defaultConfigurationIsVisible = 0;
			defaultConfigurationName = Release;
		};
		DDD0BEC42C914F2200B967A3 /* Build configuration list for PBXProject "a2-s3841083-s3971510" */ = {
			isa = XCConfigurationList;
			buildConfigurations = (
				DDD0BED72C914F2800B967A3 /* Debug */,
				DDD0BED82C914F2800B967A3 /* Release */,
			);
			defaultConfigurationIsVisible = 0;
			defaultConfigurationName = Release;
		};
		DDD0BED92C914F2800B967A3 /* Build configuration list for PBXNativeTarget "a2-s3841083-s3971510" */ = {
			isa = XCConfigurationList;
			buildConfigurations = (
				DDD0BEDA2C914F2800B967A3 /* Debug */,
				DDD0BEDB2C914F2800B967A3 /* Release */,
			);
			defaultConfigurationIsVisible = 0;
			defaultConfigurationName = Release;
		};
/* End XCConfigurationList section */
	};
	rootObject = DDD0BEC12C914F2200B967A3 /* Project object */;
}
