// !$*UTF8*$!
{
	archiveVersion = 1;
	classes = {
	};
	objectVersion = 56;
	objects = {

/* Begin PBXBuildFile section */
		924651BD2CA93861007D771B /* Activity.swift in Sources */ = {isa = PBXBuildFile; fileRef = 924651BC2CA93861007D771B /* Activity.swift */; };
		9291A9C32CAC0B1500F6C872 /* ScheduledActivitiesModel.swift in Sources */ = {isa = PBXBuildFile; fileRef = 9291A9C22CAC0B1500F6C872 /* ScheduledActivitiesModel.swift */; };
		DD47833F2CA2B430002317AC /* WeatherManager.swift in Sources */ = {isa = PBXBuildFile; fileRef = DD47833E2CA2B430002317AC /* WeatherManager.swift */; };
		DD4783402CA3C770002317AC /* LocationManager.swift in Sources */ = {isa = PBXBuildFile; fileRef = DD47833D2CA12E88002317AC /* LocationManager.swift */; };
		DD4783422CA3E52E002317AC /* StartupView.swift in Sources */ = {isa = PBXBuildFile; fileRef = DD4783412CA3E52E002317AC /* StartupView.swift */; };
		DD737EAC2CA5355A00EADC4D /* ModelData.swift in Sources */ = {isa = PBXBuildFile; fileRef = DD737EAB2CA5355900EADC4D /* ModelData.swift */; };
		DD737EAE2CA5359200EADC4D /* weatherData.json in Resources */ = {isa = PBXBuildFile; fileRef = DD737EAD2CA5359200EADC4D /* weatherData.json */; };
		DD737EB12CA5383F00EADC4D /* Extensions.swift in Sources */ = {isa = PBXBuildFile; fileRef = DD737EB02CA5383F00EADC4D /* Extensions.swift */; };
		DD912F862CAA56970003B46B /* a2-s3841083-s3971510.docc in Sources */ = {isa = PBXBuildFile; fileRef = DD912F852CAA56970003B46B /* a2-s3841083-s3971510.docc */; };
		DDB82F612C9158E600CF8FBB /* ActivitiesMenu.swift in Sources */ = {isa = PBXBuildFile; fileRef = DDB82F602C9158E600CF8FBB /* ActivitiesMenu.swift */; };
		DDB82F622C9158E600CF8FBB /* ScheduleOptionList.swift in Sources */ = {isa = PBXBuildFile; fileRef = DDB82F572C9158E500CF8FBB /* ScheduleOptionList.swift */; };
		DDB82F632C9158E600CF8FBB /* TriangleLayout.swift in Sources */ = {isa = PBXBuildFile; fileRef = DDB82F562C9158E500CF8FBB /* TriangleLayout.swift */; };
		DDB82F652C9158E600CF8FBB /* HomeScreen.swift in Sources */ = {isa = PBXBuildFile; fileRef = DDB82F5A2C9158E600CF8FBB /* HomeScreen.swift */; };
		DDB82F662C9158E600CF8FBB /* RecActivityView.swift in Sources */ = {isa = PBXBuildFile; fileRef = DDB82F5B2C9158E600CF8FBB /* RecActivityView.swift */; };
		DDB82F672C9158E600CF8FBB /* UpcomingForecast.swift in Sources */ = {isa = PBXBuildFile; fileRef = DDB82F5F2C9158E600CF8FBB /* UpcomingForecast.swift */; };
		DDB82F682C9158E600CF8FBB /* ContentView.swift in Sources */ = {isa = PBXBuildFile; fileRef = DDB82F592C9158E600CF8FBB /* ContentView.swift */; };
		DDB82F692C9158E600CF8FBB /* sampleData.swift in Sources */ = {isa = PBXBuildFile; fileRef = DDB82F5E2C9158E600CF8FBB /* sampleData.swift */; };
		DDB82F6A2C9158E600CF8FBB /* ScheduleActivitySection.swift in Sources */ = {isa = PBXBuildFile; fileRef = DDB82F5D2C9158E600CF8FBB /* ScheduleActivitySection.swift */; };
		DDB82F6B2C9158E600CF8FBB /* DiscoveryScroll.swift in Sources */ = {isa = PBXBuildFile; fileRef = DDB82F552C9158E500CF8FBB /* DiscoveryScroll.swift */; };
		DDB82F6C2C9158E600CF8FBB /* ScheduleView.swift in Sources */ = {isa = PBXBuildFile; fileRef = DDB82F582C9158E500CF8FBB /* ScheduleView.swift */; };
		DDB82F6D2C9158E600CF8FBB /* SplashScreenView.swift in Sources */ = {isa = PBXBuildFile; fileRef = DDB82F5C2C9158E600CF8FBB /* SplashScreenView.swift */; };
		DDBF25272CA789A5007E6CF4 /* HourlyForecastManager.swift in Sources */ = {isa = PBXBuildFile; fileRef = DDBF25262CA789A5007E6CF4 /* HourlyForecastManager.swift */; };
		DDD0BECD2C914F2200B967A3 /* a2_s3841083_s3971510App.swift in Sources */ = {isa = PBXBuildFile; fileRef = DDD0BECC2C914F2200B967A3 /* a2_s3841083_s3971510App.swift */; };
		DDD0BECF2C914F2200B967A3 /* DummyContentView.swift in Sources */ = {isa = PBXBuildFile; fileRef = DDD0BECE2C914F2200B967A3 /* DummyContentView.swift */; };
		DDD0BED12C914F2200B967A3 /* Item.swift in Sources */ = {isa = PBXBuildFile; fileRef = DDD0BED02C914F2200B967A3 /* Item.swift */; };
		DDD0BED32C914F2800B967A3 /* Assets.xcassets in Resources */ = {isa = PBXBuildFile; fileRef = DDD0BED22C914F2800B967A3 /* Assets.xcassets */; };
		DDD0BED62C914F2800B967A3 /* Preview Assets.xcassets in Resources */ = {isa = PBXBuildFile; fileRef = DDD0BED52C914F2800B967A3 /* Preview Assets.xcassets */; };
/* End PBXBuildFile section */

/* Begin PBXFileReference section */
		924651BC2CA93861007D771B /* Activity.swift */ = {isa = PBXFileReference; lastKnownFileType = sourcecode.swift; path = Activity.swift; sourceTree = "<group>"; };
		9291A9C22CAC0B1500F6C872 /* ScheduledActivitiesModel.swift */ = {isa = PBXFileReference; lastKnownFileType = sourcecode.swift; path = ScheduledActivitiesModel.swift; sourceTree = "<group>"; };
		DD47833D2CA12E88002317AC /* LocationManager.swift */ = {isa = PBXFileReference; lastKnownFileType = sourcecode.swift; path = LocationManager.swift; sourceTree = "<group>"; };
		DD47833E2CA2B430002317AC /* WeatherManager.swift */ = {isa = PBXFileReference; lastKnownFileType = sourcecode.swift; path = WeatherManager.swift; sourceTree = "<group>"; };
		DD4783412CA3E52E002317AC /* StartupView.swift */ = {isa = PBXFileReference; lastKnownFileType = sourcecode.swift; path = StartupView.swift; sourceTree = "<group>"; };
		DD737EAB2CA5355900EADC4D /* ModelData.swift */ = {isa = PBXFileReference; lastKnownFileType = sourcecode.swift; path = ModelData.swift; sourceTree = "<group>"; };
		DD737EAD2CA5359200EADC4D /* weatherData.json */ = {isa = PBXFileReference; lastKnownFileType = text.json; path = weatherData.json; sourceTree = "<group>"; };
		DD737EB02CA5383F00EADC4D /* Extensions.swift */ = {isa = PBXFileReference; lastKnownFileType = sourcecode.swift; path = Extensions.swift; sourceTree = "<group>"; };
		DD912F852CAA56970003B46B /* a2-s3841083-s3971510.docc */ = {isa = PBXFileReference; lastKnownFileType = folder.documentationcatalog; path = "a2-s3841083-s3971510.docc"; sourceTree = "<group>"; };
		DDB82F552C9158E500CF8FBB /* DiscoveryScroll.swift */ = {isa = PBXFileReference; lastKnownFileType = sourcecode.swift; path = DiscoveryScroll.swift; sourceTree = "<group>"; };
		DDB82F562C9158E500CF8FBB /* TriangleLayout.swift */ = {isa = PBXFileReference; lastKnownFileType = sourcecode.swift; path = TriangleLayout.swift; sourceTree = "<group>"; };
		DDB82F572C9158E500CF8FBB /* ScheduleOptionList.swift */ = {isa = PBXFileReference; lastKnownFileType = sourcecode.swift; path = ScheduleOptionList.swift; sourceTree = "<group>"; };
		DDB82F582C9158E500CF8FBB /* ScheduleView.swift */ = {isa = PBXFileReference; lastKnownFileType = sourcecode.swift; path = ScheduleView.swift; sourceTree = "<group>"; };
		DDB82F592C9158E600CF8FBB /* ContentView.swift */ = {isa = PBXFileReference; lastKnownFileType = sourcecode.swift; path = ContentView.swift; sourceTree = "<group>"; };
		DDB82F5A2C9158E600CF8FBB /* HomeScreen.swift */ = {isa = PBXFileReference; lastKnownFileType = sourcecode.swift; path = HomeScreen.swift; sourceTree = "<group>"; };
		DDB82F5B2C9158E600CF8FBB /* RecActivityView.swift */ = {isa = PBXFileReference; lastKnownFileType = sourcecode.swift; path = RecActivityView.swift; sourceTree = "<group>"; };
		DDB82F5C2C9158E600CF8FBB /* SplashScreenView.swift */ = {isa = PBXFileReference; lastKnownFileType = sourcecode.swift; path = SplashScreenView.swift; sourceTree = "<group>"; };
		DDB82F5D2C9158E600CF8FBB /* ScheduleActivitySection.swift */ = {isa = PBXFileReference; lastKnownFileType = sourcecode.swift; path = ScheduleActivitySection.swift; sourceTree = "<group>"; };
		DDB82F5E2C9158E600CF8FBB /* sampleData.swift */ = {isa = PBXFileReference; lastKnownFileType = sourcecode.swift; path = sampleData.swift; sourceTree = "<group>"; };
		DDB82F5F2C9158E600CF8FBB /* UpcomingForecast.swift */ = {isa = PBXFileReference; lastKnownFileType = sourcecode.swift; path = UpcomingForecast.swift; sourceTree = "<group>"; };
		DDB82F602C9158E600CF8FBB /* ActivitiesMenu.swift */ = {isa = PBXFileReference; lastKnownFileType = sourcecode.swift; path = ActivitiesMenu.swift; sourceTree = "<group>"; };
		DDBF25262CA789A5007E6CF4 /* HourlyForecastManager.swift */ = {isa = PBXFileReference; lastKnownFileType = sourcecode.swift; path = HourlyForecastManager.swift; sourceTree = "<group>"; };
		DDD0BEC92C914F2200B967A3 /* a2-s3841083-s3971510.app */ = {isa = PBXFileReference; explicitFileType = wrapper.application; includeInIndex = 0; path = "a2-s3841083-s3971510.app"; sourceTree = BUILT_PRODUCTS_DIR; };
		DDD0BECC2C914F2200B967A3 /* a2_s3841083_s3971510App.swift */ = {isa = PBXFileReference; lastKnownFileType = sourcecode.swift; path = a2_s3841083_s3971510App.swift; sourceTree = "<group>"; };
		DDD0BECE2C914F2200B967A3 /* DummyContentView.swift */ = {isa = PBXFileReference; lastKnownFileType = sourcecode.swift; path = DummyContentView.swift; sourceTree = "<group>"; };
		DDD0BED02C914F2200B967A3 /* Item.swift */ = {isa = PBXFileReference; lastKnownFileType = sourcecode.swift; path = Item.swift; sourceTree = "<group>"; };
		DDD0BED22C914F2800B967A3 /* Assets.xcassets */ = {isa = PBXFileReference; lastKnownFileType = folder.assetcatalog; path = Assets.xcassets; sourceTree = "<group>"; };
		DDD0BED52C914F2800B967A3 /* Preview Assets.xcassets */ = {isa = PBXFileReference; lastKnownFileType = folder.assetcatalog; path = "Preview Assets.xcassets"; sourceTree = "<group>"; };
/* End PBXFileReference section */

/* Begin PBXFrameworksBuildPhase section */
		DDD0BEC62C914F2200B967A3 /* Frameworks */ = {
			isa = PBXFrameworksBuildPhase;
			buildActionMask = 2147483647;
			files = (
			);
			runOnlyForDeploymentPostprocessing = 0;
		};
/* End PBXFrameworksBuildPhase section */

/* Begin PBXGroup section */
		DD47833A2CA06977002317AC /* Model */ = {
			isa = PBXGroup;
			children = (
				9291A9C22CAC0B1500F6C872 /* ScheduledActivitiesModel.swift */,
				924651BC2CA93861007D771B /* Activity.swift */,
			);
			path = Model;
			sourceTree = "<group>";
		};
		DD47833B2CA06980002317AC /* View */ = {
			isa = PBXGroup;
			children = (
				DDB82F732C915B3500CF8FBB /* Discovery */,
				DDB82F722C91599300CF8FBB /* Schedule */,
				DDB82F712C91597300CF8FBB /* TestData */,
				DDB82F702C91596700CF8FBB /* Fragments */,
				DDB82F6F2C91593A00CF8FBB /* Activities */,
				DDB82F6E2C91590800CF8FBB /* Homepage */,
			);
			path = View;
			sourceTree = "<group>";
		};
		DD47833C2CA12E32002317AC /* Managers */ = {
			isa = PBXGroup;
			children = (
				DD47833E2CA2B430002317AC /* WeatherManager.swift */,
				DDBF25262CA789A5007E6CF4 /* HourlyForecastManager.swift */,
				DD47833D2CA12E88002317AC /* LocationManager.swift */,
			);
			path = Managers;
			sourceTree = "<group>";
		};
		DD737EAF2CA5382C00EADC4D /* Helpers */ = {
			isa = PBXGroup;
			children = (
				DD737EB02CA5383F00EADC4D /* Extensions.swift */,
			);
			path = Helpers;
			sourceTree = "<group>";
		};
		DDB82F6E2C91590800CF8FBB /* Homepage */ = {
			isa = PBXGroup;
			children = (
				DDB82F5B2C9158E600CF8FBB /* RecActivityView.swift */,
				DDB82F592C9158E600CF8FBB /* ContentView.swift */,
				DDB82F5A2C9158E600CF8FBB /* HomeScreen.swift */,
			);
			path = Homepage;
			sourceTree = "<group>";
		};
		DDB82F6F2C91593A00CF8FBB /* Activities */ = {
			isa = PBXGroup;
			children = (
				DDB82F602C9158E600CF8FBB /* ActivitiesMenu.swift */,
			);
			path = Activities;
			sourceTree = "<group>";
		};
		DDB82F702C91596700CF8FBB /* Fragments */ = {
			isa = PBXGroup;
			children = (
				DDB82F5C2C9158E600CF8FBB /* SplashScreenView.swift */,
				DDB82F562C9158E500CF8FBB /* TriangleLayout.swift */,
				DD4783412CA3E52E002317AC /* StartupView.swift */,
			);
			path = Fragments;
			sourceTree = "<group>";
		};
		DDB82F712C91597300CF8FBB /* TestData */ = {
			isa = PBXGroup;
			children = (
				DDB82F5F2C9158E600CF8FBB /* UpcomingForecast.swift */,
				DDB82F5E2C9158E600CF8FBB /* sampleData.swift */,
			);
			path = TestData;
			sourceTree = "<group>";
		};
		DDB82F722C91599300CF8FBB /* Schedule */ = {
			isa = PBXGroup;
			children = (
				DDB82F572C9158E500CF8FBB /* ScheduleOptionList.swift */,
				DDB82F5D2C9158E600CF8FBB /* ScheduleActivitySection.swift */,
				DDB82F582C9158E500CF8FBB /* ScheduleView.swift */,
			);
			path = Schedule;
			sourceTree = "<group>";
		};
		DDB82F732C915B3500CF8FBB /* Discovery */ = {
			isa = PBXGroup;
			children = (
				DDB82F552C9158E500CF8FBB /* DiscoveryScroll.swift */,
			);
			path = Discovery;
			sourceTree = "<group>";
		};
		DDD0BEC02C914F2200B967A3 = {
			isa = PBXGroup;
			children = (
				DD912F852CAA56970003B46B /* a2-s3841083-s3971510.docc */,
				DDD0BECB2C914F2200B967A3 /* a2-s3841083-s3971510 */,
				DDD0BECA2C914F2200B967A3 /* Products */,
			);
			sourceTree = "<group>";
		};
		DDD0BECA2C914F2200B967A3 /* Products */ = {
			isa = PBXGroup;
			children = (
				DDD0BEC92C914F2200B967A3 /* a2-s3841083-s3971510.app */,
			);
			name = Products;
			sourceTree = "<group>";
		};
		DDD0BECB2C914F2200B967A3 /* a2-s3841083-s3971510 */ = {
			isa = PBXGroup;
			children = (
				DD737EAF2CA5382C00EADC4D /* Helpers */,
				DD47833C2CA12E32002317AC /* Managers */,
				DD47833B2CA06980002317AC /* View */,
				DD47833A2CA06977002317AC /* Model */,
				DDD0BECC2C914F2200B967A3 /* a2_s3841083_s3971510App.swift */,
				DDD0BECE2C914F2200B967A3 /* DummyContentView.swift */,
				DDD0BED02C914F2200B967A3 /* Item.swift */,
				DDD0BED22C914F2800B967A3 /* Assets.xcassets */,
				DDD0BED42C914F2800B967A3 /* Preview Content */,
			);
			path = "a2-s3841083-s3971510";
			sourceTree = "<group>";
		};
		DDD0BED42C914F2800B967A3 /* Preview Content */ = {
			isa = PBXGroup;
			children = (
				DDD0BED52C914F2800B967A3 /* Preview Assets.xcassets */,
				DD737EAB2CA5355900EADC4D /* ModelData.swift */,
				DD737EAD2CA5359200EADC4D /* weatherData.json */,
			);
			path = "Preview Content";
			sourceTree = "<group>";
		};
/* End PBXGroup section */

/* Begin PBXNativeTarget section */
		DDD0BEC82C914F2200B967A3 /* a2-s3841083-s3971510 */ = {
			isa = PBXNativeTarget;
			buildConfigurationList = DDD0BED92C914F2800B967A3 /* Build configuration list for PBXNativeTarget "a2-s3841083-s3971510" */;
			buildPhases = (
				DDD0BEC52C914F2200B967A3 /* Sources */,
				DDD0BEC62C914F2200B967A3 /* Frameworks */,
				DDD0BEC72C914F2200B967A3 /* Resources */,
			);
			buildRules = (
			);
			dependencies = (
			);
			name = "a2-s3841083-s3971510";
			productName = "a2-s3841083-s3971510";
			productReference = DDD0BEC92C914F2200B967A3 /* a2-s3841083-s3971510.app */;
			productType = "com.apple.product-type.application";
		};
/* End PBXNativeTarget section */

/* Begin PBXProject section */
		DDD0BEC12C914F2200B967A3 /* Project object */ = {
			isa = PBXProject;
			attributes = {
				BuildIndependentTargetsInParallel = 1;
				LastSwiftUpdateCheck = 1540;
				LastUpgradeCheck = 1540;
				TargetAttributes = {
					DDD0BEC82C914F2200B967A3 = {
						CreatedOnToolsVersion = 15.4;
					};
				};
			};
			buildConfigurationList = DDD0BEC42C914F2200B967A3 /* Build configuration list for PBXProject "a2-s3841083-s3971510" */;
			compatibilityVersion = "Xcode 14.0";
			developmentRegion = en;
			hasScannedForEncodings = 0;
			knownRegions = (
				en,
				Base,
			);
			mainGroup = DDD0BEC02C914F2200B967A3;
			productRefGroup = DDD0BECA2C914F2200B967A3 /* Products */;
			projectDirPath = "";
			projectRoot = "";
			targets = (
				DDD0BEC82C914F2200B967A3 /* a2-s3841083-s3971510 */,
			);
		};
/* End PBXProject section */

/* Begin PBXResourcesBuildPhase section */
		DDD0BEC72C914F2200B967A3 /* Resources */ = {
			isa = PBXResourcesBuildPhase;
			buildActionMask = 2147483647;
			files = (
				DDD0BED62C914F2800B967A3 /* Preview Assets.xcassets in Resources */,
				DD737EAE2CA5359200EADC4D /* weatherData.json in Resources */,
				DDD0BED32C914F2800B967A3 /* Assets.xcassets in Resources */,
			);
			runOnlyForDeploymentPostprocessing = 0;
		};
/* End PBXResourcesBuildPhase section */

/* Begin PBXSourcesBuildPhase section */
		DDD0BEC52C914F2200B967A3 /* Sources */ = {
			isa = PBXSourcesBuildPhase;
			buildActionMask = 2147483647;
			files = (
				DD912F862CAA56970003B46B /* a2-s3841083-s3971510.docc in Sources */,
				DDB82F612C9158E600CF8FBB /* ActivitiesMenu.swift in Sources */,
				DD4783402CA3C770002317AC /* LocationManager.swift in Sources */,
				DD737EAC2CA5355A00EADC4D /* ModelData.swift in Sources */,
				DDB82F6D2C9158E600CF8FBB /* SplashScreenView.swift in Sources */,
				DDB82F682C9158E600CF8FBB /* ContentView.swift in Sources */,
				DDB82F662C9158E600CF8FBB /* RecActivityView.swift in Sources */,
				DDB82F692C9158E600CF8FBB /* sampleData.swift in Sources */,
				DDB82F652C9158E600CF8FBB /* HomeScreen.swift in Sources */,
				DDB82F622C9158E600CF8FBB /* ScheduleOptionList.swift in Sources */,
				DDD0BECF2C914F2200B967A3 /* DummyContentView.swift in Sources */,
				DDB82F672C9158E600CF8FBB /* UpcomingForecast.swift in Sources */,
				DD4783422CA3E52E002317AC /* StartupView.swift in Sources */,
				DDB82F6A2C9158E600CF8FBB /* ScheduleActivitySection.swift in Sources */,
				DD47833F2CA2B430002317AC /* WeatherManager.swift in Sources */,
				DDB82F6C2C9158E600CF8FBB /* ScheduleView.swift in Sources */,
				9291A9C32CAC0B1500F6C872 /* ScheduledActivitiesModel.swift in Sources */,
				DD737EB12CA5383F00EADC4D /* Extensions.swift in Sources */,
				DDD0BED12C914F2200B967A3 /* Item.swift in Sources */,
				DDB82F632C9158E600CF8FBB /* TriangleLayout.swift in Sources */,
				DDB82F6B2C9158E600CF8FBB /* DiscoveryScroll.swift in Sources */,
				DDD0BECD2C914F2200B967A3 /* a2_s3841083_s3971510App.swift in Sources */,
				924651BD2CA93861007D771B /* Activity.swift in Sources */,
				DDBF25272CA789A5007E6CF4 /* HourlyForecastManager.swift in Sources */,
			);
			runOnlyForDeploymentPostprocessing = 0;
		};
/* End PBXSourcesBuildPhase section */

/* Begin XCBuildConfiguration section */
		DDD0BED72C914F2800B967A3 /* Debug */ = {
			isa = XCBuildConfiguration;
			buildSettings = {
				ALWAYS_SEARCH_USER_PATHS = NO;
				ASSETCATALOG_COMPILER_GENERATE_SWIFT_ASSET_SYMBOL_EXTENSIONS = YES;
				CLANG_ANALYZER_NONNULL = YES;
				CLANG_ANALYZER_NUMBER_OBJECT_CONVERSION = YES_AGGRESSIVE;
				CLANG_CXX_LANGUAGE_STANDARD = "gnu++20";
				CLANG_ENABLE_MODULES = YES;
				CLANG_ENABLE_OBJC_ARC = YES;
				CLANG_ENABLE_OBJC_WEAK = YES;
				CLANG_WARN_BLOCK_CAPTURE_AUTORELEASING = YES;
				CLANG_WARN_BOOL_CONVERSION = YES;
				CLANG_WARN_COMMA = YES;
				CLANG_WARN_CONSTANT_CONVERSION = YES;
				CLANG_WARN_DEPRECATED_OBJC_IMPLEMENTATIONS = YES;
				CLANG_WARN_DIRECT_OBJC_ISA_USAGE = YES_ERROR;
				CLANG_WARN_DOCUMENTATION_COMMENTS = YES;
				CLANG_WARN_EMPTY_BODY = YES;
				CLANG_WARN_ENUM_CONVERSION = YES;
				CLANG_WARN_INFINITE_RECURSION = YES;
				CLANG_WARN_INT_CONVERSION = YES;
				CLANG_WARN_NON_LITERAL_NULL_CONVERSION = YES;
				CLANG_WARN_OBJC_IMPLICIT_RETAIN_SELF = YES;
				CLANG_WARN_OBJC_LITERAL_CONVERSION = YES;
				CLANG_WARN_OBJC_ROOT_CLASS = YES_ERROR;
				CLANG_WARN_QUOTED_INCLUDE_IN_FRAMEWORK_HEADER = YES;
				CLANG_WARN_RANGE_LOOP_ANALYSIS = YES;
				CLANG_WARN_STRICT_PROTOTYPES = YES;
				CLANG_WARN_SUSPICIOUS_MOVE = YES;
				CLANG_WARN_UNGUARDED_AVAILABILITY = YES_AGGRESSIVE;
				CLANG_WARN_UNREACHABLE_CODE = YES;
				CLANG_WARN__DUPLICATE_METHOD_MATCH = YES;
				COPY_PHASE_STRIP = NO;
				DEBUG_INFORMATION_FORMAT = dwarf;
				ENABLE_STRICT_OBJC_MSGSEND = YES;
				ENABLE_TESTABILITY = YES;
				ENABLE_USER_SCRIPT_SANDBOXING = YES;
				GCC_C_LANGUAGE_STANDARD = gnu17;
				GCC_DYNAMIC_NO_PIC = NO;
				GCC_NO_COMMON_BLOCKS = YES;
				GCC_OPTIMIZATION_LEVEL = 0;
				GCC_PREPROCESSOR_DEFINITIONS = (
					"DEBUG=1",
					"$(inherited)",
				);
				GCC_WARN_64_TO_32_BIT_CONVERSION = YES;
				GCC_WARN_ABOUT_RETURN_TYPE = YES_ERROR;
				GCC_WARN_UNDECLARED_SELECTOR = YES;
				GCC_WARN_UNINITIALIZED_AUTOS = YES_AGGRESSIVE;
				GCC_WARN_UNUSED_FUNCTION = YES;
				GCC_WARN_UNUSED_VARIABLE = YES;
				IPHONEOS_DEPLOYMENT_TARGET = 17.5;
				LOCALIZATION_PREFERS_STRING_CATALOGS = YES;
				MTL_ENABLE_DEBUG_INFO = INCLUDE_SOURCE;
				MTL_FAST_MATH = YES;
				ONLY_ACTIVE_ARCH = YES;
				SDKROOT = iphoneos;
				SWIFT_ACTIVE_COMPILATION_CONDITIONS = "DEBUG $(inherited)";
				SWIFT_OPTIMIZATION_LEVEL = "-Onone";
			};
			name = Debug;
		};
		DDD0BED82C914F2800B967A3 /* Release */ = {
			isa = XCBuildConfiguration;
			buildSettings = {
				ALWAYS_SEARCH_USER_PATHS = NO;
				ASSETCATALOG_COMPILER_GENERATE_SWIFT_ASSET_SYMBOL_EXTENSIONS = YES;
				CLANG_ANALYZER_NONNULL = YES;
				CLANG_ANALYZER_NUMBER_OBJECT_CONVERSION = YES_AGGRESSIVE;
				CLANG_CXX_LANGUAGE_STANDARD = "gnu++20";
				CLANG_ENABLE_MODULES = YES;
				CLANG_ENABLE_OBJC_ARC = YES;
				CLANG_ENABLE_OBJC_WEAK = YES;
				CLANG_WARN_BLOCK_CAPTURE_AUTORELEASING = YES;
				CLANG_WARN_BOOL_CONVERSION = YES;
				CLANG_WARN_COMMA = YES;
				CLANG_WARN_CONSTANT_CONVERSION = YES;
				CLANG_WARN_DEPRECATED_OBJC_IMPLEMENTATIONS = YES;
				CLANG_WARN_DIRECT_OBJC_ISA_USAGE = YES_ERROR;
				CLANG_WARN_DOCUMENTATION_COMMENTS = YES;
				CLANG_WARN_EMPTY_BODY = YES;
				CLANG_WARN_ENUM_CONVERSION = YES;
				CLANG_WARN_INFINITE_RECURSION = YES;
				CLANG_WARN_INT_CONVERSION = YES;
				CLANG_WARN_NON_LITERAL_NULL_CONVERSION = YES;
				CLANG_WARN_OBJC_IMPLICIT_RETAIN_SELF = YES;
				CLANG_WARN_OBJC_LITERAL_CONVERSION = YES;
				CLANG_WARN_OBJC_ROOT_CLASS = YES_ERROR;
				CLANG_WARN_QUOTED_INCLUDE_IN_FRAMEWORK_HEADER = YES;
				CLANG_WARN_RANGE_LOOP_ANALYSIS = YES;
				CLANG_WARN_STRICT_PROTOTYPES = YES;
				CLANG_WARN_SUSPICIOUS_MOVE = YES;
				CLANG_WARN_UNGUARDED_AVAILABILITY = YES_AGGRESSIVE;
				CLANG_WARN_UNREACHABLE_CODE = YES;
				CLANG_WARN__DUPLICATE_METHOD_MATCH = YES;
				COPY_PHASE_STRIP = NO;
				DEBUG_INFORMATION_FORMAT = "dwarf-with-dsym";
				ENABLE_NS_ASSERTIONS = NO;
				ENABLE_STRICT_OBJC_MSGSEND = YES;
				ENABLE_USER_SCRIPT_SANDBOXING = YES;
				GCC_C_LANGUAGE_STANDARD = gnu17;
				GCC_NO_COMMON_BLOCKS = YES;
				GCC_WARN_64_TO_32_BIT_CONVERSION = YES;
				GCC_WARN_ABOUT_RETURN_TYPE = YES_ERROR;
				GCC_WARN_UNDECLARED_SELECTOR = YES;
				GCC_WARN_UNINITIALIZED_AUTOS = YES_AGGRESSIVE;
				GCC_WARN_UNUSED_FUNCTION = YES;
				GCC_WARN_UNUSED_VARIABLE = YES;
				IPHONEOS_DEPLOYMENT_TARGET = 17.5;
				LOCALIZATION_PREFERS_STRING_CATALOGS = YES;
				MTL_ENABLE_DEBUG_INFO = NO;
				MTL_FAST_MATH = YES;
				SDKROOT = iphoneos;
				SWIFT_COMPILATION_MODE = wholemodule;
				VALIDATE_PRODUCT = YES;
			};
			name = Release;
		};
		DDD0BEDA2C914F2800B967A3 /* Debug */ = {
			isa = XCBuildConfiguration;
			buildSettings = {
				ASSETCATALOG_COMPILER_APPICON_NAME = AppIcon;
				ASSETCATALOG_COMPILER_GLOBAL_ACCENT_COLOR_NAME = AccentColor;
				CODE_SIGN_STYLE = Automatic;
				CURRENT_PROJECT_VERSION = 1;
				DEVELOPMENT_ASSET_PATHS = "\"a2-s3841083-s3971510/Preview Content\"";
				ENABLE_PREVIEWS = YES;
				GENERATE_INFOPLIST_FILE = YES;
				INFOPLIST_KEY_NSLocationAlwaysAndWhenInUseUsageDescription = "";
				INFOPLIST_KEY_UIApplicationSceneManifest_Generation = YES;
				INFOPLIST_KEY_UIApplicationSupportsIndirectInputEvents = YES;
				INFOPLIST_KEY_UILaunchScreen_Generation = YES;
				INFOPLIST_KEY_UISupportedInterfaceOrientations_iPad = "UIInterfaceOrientationPortrait UIInterfaceOrientationPortraitUpsideDown UIInterfaceOrientationLandscapeLeft UIInterfaceOrientationLandscapeRight";
				INFOPLIST_KEY_UISupportedInterfaceOrientations_iPhone = "UIInterfaceOrientationPortrait UIInterfaceOrientationLandscapeLeft UIInterfaceOrientationLandscapeRight";
				LD_RUNPATH_SEARCH_PATHS = (
					"$(inherited)",
					"@executable_path/Frameworks",
				);
				MARKETING_VERSION = 1.0;
				PRODUCT_BUNDLE_IDENTIFIER = "au.edu.student-s3971510.a2-s3841083-s3971510";
				PRODUCT_NAME = "$(TARGET_NAME)";
				SWIFT_EMIT_LOC_STRINGS = YES;
				SWIFT_VERSION = 5.0;
				TARGETED_DEVICE_FAMILY = "1,2";
			};
			name = Debug;
		};
		DDD0BEDB2C914F2800B967A3 /* Release */ = {
			isa = XCBuildConfiguration;
			buildSettings = {
				ASSETCATALOG_COMPILER_APPICON_NAME = AppIcon;
				ASSETCATALOG_COMPILER_GLOBAL_ACCENT_COLOR_NAME = AccentColor;
				CODE_SIGN_STYLE = Automatic;
				CURRENT_PROJECT_VERSION = 1;
				DEVELOPMENT_ASSET_PATHS = "\"a2-s3841083-s3971510/Preview Content\"";
				ENABLE_PREVIEWS = YES;
				GENERATE_INFOPLIST_FILE = YES;
				INFOPLIST_KEY_NSLocationAlwaysAndWhenInUseUsageDescription = "";
				INFOPLIST_KEY_UIApplicationSceneManifest_Generation = YES;
				INFOPLIST_KEY_UIApplicationSupportsIndirectInputEvents = YES;
				INFOPLIST_KEY_UILaunchScreen_Generation = YES;
				INFOPLIST_KEY_UISupportedInterfaceOrientations_iPad = "UIInterfaceOrientationPortrait UIInterfaceOrientationPortraitUpsideDown UIInterfaceOrientationLandscapeLeft UIInterfaceOrientationLandscapeRight";
				INFOPLIST_KEY_UISupportedInterfaceOrientations_iPhone = "UIInterfaceOrientationPortrait UIInterfaceOrientationLandscapeLeft UIInterfaceOrientationLandscapeRight";
				LD_RUNPATH_SEARCH_PATHS = (
					"$(inherited)",
					"@executable_path/Frameworks",
				);
				MARKETING_VERSION = 1.0;
				PRODUCT_BUNDLE_IDENTIFIER = "au.edu.student-s3971510.a2-s3841083-s3971510";
				PRODUCT_NAME = "$(TARGET_NAME)";
				SWIFT_EMIT_LOC_STRINGS = YES;
				SWIFT_VERSION = 5.0;
				TARGETED_DEVICE_FAMILY = "1,2";
			};
			name = Release;
		};
/* End XCBuildConfiguration section */

/* Begin XCConfigurationList section */
		DDD0BEC42C914F2200B967A3 /* Build configuration list for PBXProject "a2-s3841083-s3971510" */ = {
			isa = XCConfigurationList;
			buildConfigurations = (
				DDD0BED72C914F2800B967A3 /* Debug */,
				DDD0BED82C914F2800B967A3 /* Release */,
			);
			defaultConfigurationIsVisible = 0;
			defaultConfigurationName = Release;
		};
		DDD0BED92C914F2800B967A3 /* Build configuration list for PBXNativeTarget "a2-s3841083-s3971510" */ = {
			isa = XCConfigurationList;
			buildConfigurations = (
				DDD0BEDA2C914F2800B967A3 /* Debug */,
				DDD0BEDB2C914F2800B967A3 /* Release */,
			);
			defaultConfigurationIsVisible = 0;
			defaultConfigurationName = Release;
		};
/* End XCConfigurationList section */
	};
	rootObject = DDD0BEC12C914F2200B967A3 /* Project object */;
}
